// !$*UTF8*$!
{
	archiveVersion = 1;
	classes = {
	};
	objectVersion = 46;
	objects = {

/* Begin PBXBuildFile section */
		400B1F401E82610E0093675A /* AppDelegate.swift in Sources */ = {isa = PBXBuildFile; fileRef = 400B1F3F1E82610E0093675A /* AppDelegate.swift */; };
		400B1F421E82610E0093675A /* ViewController.swift in Sources */ = {isa = PBXBuildFile; fileRef = 400B1F411E82610E0093675A /* ViewController.swift */; };
		400B1F451E82610E0093675A /* Main.storyboard in Resources */ = {isa = PBXBuildFile; fileRef = 400B1F431E82610E0093675A /* Main.storyboard */; };
		400B1F471E82610E0093675A /* Assets.xcassets in Resources */ = {isa = PBXBuildFile; fileRef = 400B1F461E82610E0093675A /* Assets.xcassets */; };
		400B1F4A1E82610E0093675A /* LaunchScreen.storyboard in Resources */ = {isa = PBXBuildFile; fileRef = 400B1F481E82610E0093675A /* LaunchScreen.storyboard */; };
		40A58FA81E9498B00097176A /* SongListViewController.swift in Sources */ = {isa = PBXBuildFile; fileRef = 40A58FA71E9498B00097176A /* SongListViewController.swift */; };
		40A58FAC1E949C0A0097176A /* songTableViewCell.swift in Sources */ = {isa = PBXBuildFile; fileRef = 40A58FAB1E949C0A0097176A /* songTableViewCell.swift */; };
		40A58FAE1E949FFF0097176A /* ProfileViewController.swift in Sources */ = {isa = PBXBuildFile; fileRef = 40A58FAD1E949FFF0097176A /* ProfileViewController.swift */; };
		40A58FB01E94A26D0097176A /* PlayMusicViewController.swift in Sources */ = {isa = PBXBuildFile; fileRef = 40A58FAF1E94A26D0097176A /* PlayMusicViewController.swift */; };
		40A58FBC1E94A9060097176A /* BlowYourMind.mp3 in Resources */ = {isa = PBXBuildFile; fileRef = 40A58FB21E94A9060097176A /* BlowYourMind.mp3 */; };
		40A58FBD1E94A9060097176A /* ColdWater.mp3 in Resources */ = {isa = PBXBuildFile; fileRef = 40A58FB31E94A9060097176A /* ColdWater.mp3 */; };
		40A58FBE1E94A9060097176A /* ComeToMe.mp3 in Resources */ = {isa = PBXBuildFile; fileRef = 40A58FB41E94A9060097176A /* ComeToMe.mp3 */; };
		40A58FBF1E94A9060097176A /* Hello.mp3 in Resources */ = {isa = PBXBuildFile; fileRef = 40A58FB51E94A9060097176A /* Hello.mp3 */; };
		40A58FC01E94A9060097176A /* KeepitMello.mp3 in Resources */ = {isa = PBXBuildFile; fileRef = 40A58FB61E94A9060097176A /* KeepitMello.mp3 */; };
		40A58FC21E94A9060097176A /* OneNightOnly.mp3 in Resources */ = {isa = PBXBuildFile; fileRef = 40A58FB81E94A9060097176A /* OneNightOnly.mp3 */; };
		40A58FC31E94A9060097176A /* ThinkingAboutYou.mp3 in Resources */ = {isa = PBXBuildFile; fileRef = 40A58FB91E94A9060097176A /* ThinkingAboutYou.mp3 */; };
		40A58FC41E94A9060097176A /* Wants.mp3 in Resources */ = {isa = PBXBuildFile; fileRef = 40A58FBA1E94A9060097176A /* Wants.mp3 */; };
		40A58FC51E94A9060097176A /* WhereThemGirlsAt.mp3 in Resources */ = {isa = PBXBuildFile; fileRef = 40A58FBB1E94A9060097176A /* WhereThemGirlsAt.mp3 */; };
		40A58FC71E94B08D0097176A /* LoveOnMe.mp3 in Resources */ = {isa = PBXBuildFile; fileRef = 40A58FC61E94B08D0097176A /* LoveOnMe.mp3 */; };
/* End PBXBuildFile section */

/* Begin PBXFileReference section */
		400B1F3C1E82610E0093675A /* Another Music Player App.app */ = {isa = PBXFileReference; explicitFileType = wrapper.application; includeInIndex = 0; path = "Another Music Player App.app"; sourceTree = BUILT_PRODUCTS_DIR; };
		400B1F3F1E82610E0093675A /* AppDelegate.swift */ = {isa = PBXFileReference; lastKnownFileType = sourcecode.swift; path = AppDelegate.swift; sourceTree = "<group>"; };
		400B1F411E82610E0093675A /* ViewController.swift */ = {isa = PBXFileReference; lastKnownFileType = sourcecode.swift; path = ViewController.swift; sourceTree = "<group>"; };
		400B1F441E82610E0093675A /* Base */ = {isa = PBXFileReference; lastKnownFileType = file.storyboard; name = Base; path = Base.lproj/Main.storyboard; sourceTree = "<group>"; };
		400B1F461E82610E0093675A /* Assets.xcassets */ = {isa = PBXFileReference; lastKnownFileType = folder.assetcatalog; path = Assets.xcassets; sourceTree = "<group>"; };
		400B1F491E82610E0093675A /* Base */ = {isa = PBXFileReference; lastKnownFileType = file.storyboard; name = Base; path = Base.lproj/LaunchScreen.storyboard; sourceTree = "<group>"; };
		400B1F4B1E82610E0093675A /* Info.plist */ = {isa = PBXFileReference; lastKnownFileType = text.plist.xml; path = Info.plist; sourceTree = "<group>"; };
		40A58FA71E9498B00097176A /* SongListViewController.swift */ = {isa = PBXFileReference; fileEncoding = 4; lastKnownFileType = sourcecode.swift; path = SongListViewController.swift; sourceTree = "<group>"; };
		40A58FAB1E949C0A0097176A /* songTableViewCell.swift */ = {isa = PBXFileReference; fileEncoding = 4; lastKnownFileType = sourcecode.swift; path = songTableViewCell.swift; sourceTree = "<group>"; };
		40A58FAD1E949FFF0097176A /* ProfileViewController.swift */ = {isa = PBXFileReference; fileEncoding = 4; lastKnownFileType = sourcecode.swift; path = ProfileViewController.swift; sourceTree = "<group>"; };
		40A58FAF1E94A26D0097176A /* PlayMusicViewController.swift */ = {isa = PBXFileReference; fileEncoding = 4; lastKnownFileType = sourcecode.swift; path = PlayMusicViewController.swift; sourceTree = "<group>"; };
		40A58FB21E94A9060097176A /* BlowYourMind.mp3 */ = {isa = PBXFileReference; lastKnownFileType = audio.mp3; path = BlowYourMind.mp3; sourceTree = "<group>"; };
		40A58FB31E94A9060097176A /* ColdWater.mp3 */ = {isa = PBXFileReference; lastKnownFileType = audio.mp3; path = ColdWater.mp3; sourceTree = "<group>"; };
		40A58FB41E94A9060097176A /* ComeToMe.mp3 */ = {isa = PBXFileReference; lastKnownFileType = audio.mp3; path = ComeToMe.mp3; sourceTree = "<group>"; };
		40A58FB51E94A9060097176A /* Hello.mp3 */ = {isa = PBXFileReference; lastKnownFileType = audio.mp3; path = Hello.mp3; sourceTree = "<group>"; };
		40A58FB61E94A9060097176A /* KeepitMello.mp3 */ = {isa = PBXFileReference; lastKnownFileType = audio.mp3; path = KeepitMello.mp3; sourceTree = "<group>"; };
		40A58FB81E94A9060097176A /* OneNightOnly.mp3 */ = {isa = PBXFileReference; lastKnownFileType = audio.mp3; path = OneNightOnly.mp3; sourceTree = "<group>"; };
		40A58FB91E94A9060097176A /* ThinkingAboutYou.mp3 */ = {isa = PBXFileReference; lastKnownFileType = audio.mp3; path = ThinkingAboutYou.mp3; sourceTree = "<group>"; };
		40A58FBA1E94A9060097176A /* Wants.mp3 */ = {isa = PBXFileReference; lastKnownFileType = audio.mp3; path = Wants.mp3; sourceTree = "<group>"; };
		40A58FBB1E94A9060097176A /* WhereThemGirlsAt.mp3 */ = {isa = PBXFileReference; lastKnownFileType = audio.mp3; path = WhereThemGirlsAt.mp3; sourceTree = "<group>"; };
		40A58FC61E94B08D0097176A /* LoveOnMe.mp3 */ = {isa = PBXFileReference; lastKnownFileType = audio.mp3; path = LoveOnMe.mp3; sourceTree = "<group>"; };
/* End PBXFileReference section */

/* Begin PBXFrameworksBuildPhase section */
		400B1F391E82610E0093675A /* Frameworks */ = {
			isa = PBXFrameworksBuildPhase;
			buildActionMask = 2147483647;
			files = (
			);
			runOnlyForDeploymentPostprocessing = 0;
		};
/* End PBXFrameworksBuildPhase section */

/* Begin PBXGroup section */
		400B1F331E82610D0093675A = {
			isa = PBXGroup;
			children = (
				400B1F3E1E82610E0093675A /* Another Music Player App */,
				400B1F3D1E82610E0093675A /* Products */,
			);
			sourceTree = "<group>";
		};
		400B1F3D1E82610E0093675A /* Products */ = {
			isa = PBXGroup;
			children = (
				400B1F3C1E82610E0093675A /* Another Music Player App.app */,
			);
			name = Products;
			sourceTree = "<group>";
		};
		400B1F3E1E82610E0093675A /* Another Music Player App */ = {
			isa = PBXGroup;
			children = (
				400B1F3F1E82610E0093675A /* AppDelegate.swift */,
				400B1F411E82610E0093675A /* ViewController.swift */,
				40A58FA71E9498B00097176A /* SongListViewController.swift */,
				40A58FAD1E949FFF0097176A /* ProfileViewController.swift */,
				40A58FAB1E949C0A0097176A /* songTableViewCell.swift */,
				40A58FAF1E94A26D0097176A /* PlayMusicViewController.swift */,
				400B1F431E82610E0093675A /* Main.storyboard */,
				400B1F461E82610E0093675A /* Assets.xcassets */,
				400B1F481E82610E0093675A /* LaunchScreen.storyboard */,
				400B1F4B1E82610E0093675A /* Info.plist */,
				40A58FB21E94A9060097176A /* BlowYourMind.mp3 */,
				40A58FC61E94B08D0097176A /* LoveOnMe.mp3 */,
				40A58FB31E94A9060097176A /* ColdWater.mp3 */,
				40A58FB41E94A9060097176A /* ComeToMe.mp3 */,
				40A58FB51E94A9060097176A /* Hello.mp3 */,
				40A58FB61E94A9060097176A /* KeepitMello.mp3 */,
				40A58FB81E94A9060097176A /* OneNightOnly.mp3 */,
				40A58FB91E94A9060097176A /* ThinkingAboutYou.mp3 */,
				40A58FBA1E94A9060097176A /* Wants.mp3 */,
				40A58FBB1E94A9060097176A /* WhereThemGirlsAt.mp3 */,
			);
			path = "Another Music Player App";
			sourceTree = "<group>";
		};
/* End PBXGroup section */

/* Begin PBXNativeTarget section */
		400B1F3B1E82610E0093675A /* Another Music Player App */ = {
			isa = PBXNativeTarget;
			buildConfigurationList = 400B1F4E1E82610E0093675A /* Build configuration list for PBXNativeTarget "Another Music Player App" */;
			buildPhases = (
				400B1F381E82610E0093675A /* Sources */,
				400B1F391E82610E0093675A /* Frameworks */,
				400B1F3A1E82610E0093675A /* Resources */,
			);
			buildRules = (
			);
			dependencies = (
			);
			name = "Another Music Player App";
			productName = "Another Music Player App";
			productReference = 400B1F3C1E82610E0093675A /* Another Music Player App.app */;
			productType = "com.apple.product-type.application";
		};
/* End PBXNativeTarget section */

/* Begin PBXProject section */
		400B1F341E82610D0093675A /* Project object */ = {
			isa = PBXProject;
			attributes = {
				LastSwiftUpdateCheck = 0820;
				LastUpgradeCheck = 0820;
				ORGANIZATIONNAME = thitiwat;
				TargetAttributes = {
					400B1F3B1E82610E0093675A = {
						CreatedOnToolsVersion = 8.2.1;
						DevelopmentTeam = LNN3K54DN9;
						ProvisioningStyle = Automatic;
					};
				};
			};
			buildConfigurationList = 400B1F371E82610D0093675A /* Build configuration list for PBXProject "Another Music Player App" */;
			compatibilityVersion = "Xcode 3.2";
			developmentRegion = English;
			hasScannedForEncodings = 0;
			knownRegions = (
				en,
				Base,
			);
			mainGroup = 400B1F331E82610D0093675A;
			productRefGroup = 400B1F3D1E82610E0093675A /* Products */;
			projectDirPath = "";
			projectRoot = "";
			targets = (
				400B1F3B1E82610E0093675A /* Another Music Player App */,
			);
		};
/* End PBXProject section */

/* Begin PBXResourcesBuildPhase section */
		400B1F3A1E82610E0093675A /* Resources */ = {
			isa = PBXResourcesBuildPhase;
			buildActionMask = 2147483647;
			files = (
				40A58FC51E94A9060097176A /* WhereThemGirlsAt.mp3 in Resources */,
				40A58FC41E94A9060097176A /* Wants.mp3 in Resources */,
				40A58FC01E94A9060097176A /* KeepitMello.mp3 in Resources */,
				40A58FC31E94A9060097176A /* ThinkingAboutYou.mp3 in Resources */,
				40A58FBF1E94A9060097176A /* Hello.mp3 in Resources */,
				400B1F4A1E82610E0093675A /* LaunchScreen.storyboard in Resources */,
				40A58FBC1E94A9060097176A /* BlowYourMind.mp3 in Resources */,
				40A58FBD1E94A9060097176A /* ColdWater.mp3 in Resources */,
				40A58FC71E94B08D0097176A /* LoveOnMe.mp3 in Resources */,
				400B1F471E82610E0093675A /* Assets.xcassets in Resources */,
				40A58FC21E94A9060097176A /* OneNightOnly.mp3 in Resources */,
				400B1F451E82610E0093675A /* Main.storyboard in Resources */,
				40A58FBE1E94A9060097176A /* ComeToMe.mp3 in Resources */,
			);
			runOnlyForDeploymentPostprocessing = 0;
		};
/* End PBXResourcesBuildPhase section */

/* Begin PBXSourcesBuildPhase section */
		400B1F381E82610E0093675A /* Sources */ = {
			isa = PBXSourcesBuildPhase;
			buildActionMask = 2147483647;
			files = (
				40A58FAC1E949C0A0097176A /* songTableViewCell.swift in Sources */,
				400B1F421E82610E0093675A /* ViewController.swift in Sources */,
				40A58FAE1E949FFF0097176A /* ProfileViewController.swift in Sources */,
				400B1F401E82610E0093675A /* AppDelegate.swift in Sources */,
				40A58FB01E94A26D0097176A /* PlayMusicViewController.swift in Sources */,
				40A58FA81E9498B00097176A /* SongListViewController.swift in Sources */,
			);
			runOnlyForDeploymentPostprocessing = 0;
		};
/* End PBXSourcesBuildPhase section */

/* Begin PBXVariantGroup section */
		400B1F431E82610E0093675A /* Main.storyboard */ = {
			isa = PBXVariantGroup;
			children = (
				400B1F441E82610E0093675A /* Base */,
			);
			name = Main.storyboard;
			sourceTree = "<group>";
		};
		400B1F481E82610E0093675A /* LaunchScreen.storyboard */ = {
			isa = PBXVariantGroup;
			children = (
				400B1F491E82610E0093675A /* Base */,
			);
			name = LaunchScreen.storyboard;
			sourceTree = "<group>";
		};
/* End PBXVariantGroup section */

/* Begin XCBuildConfiguration section */
		400B1F4C1E82610E0093675A /* Debug */ = {
			isa = XCBuildConfiguration;
			buildSettings = {
				ALWAYS_SEARCH_USER_PATHS = NO;
				CLANG_ANALYZER_NONNULL = YES;
				CLANG_CXX_LANGUAGE_STANDARD = "gnu++0x";
				CLANG_CXX_LIBRARY = "libc++";
				CLANG_ENABLE_MODULES = YES;
				CLANG_ENABLE_OBJC_ARC = YES;
				CLANG_WARN_BOOL_CONVERSION = YES;
				CLANG_WARN_CONSTANT_CONVERSION = YES;
				CLANG_WARN_DIRECT_OBJC_ISA_USAGE = YES_ERROR;
				CLANG_WARN_DOCUMENTATION_COMMENTS = YES;
				CLANG_WARN_EMPTY_BODY = YES;
				CLANG_WARN_ENUM_CONVERSION = YES;
				CLANG_WARN_INFINITE_RECURSION = YES;
				CLANG_WARN_INT_CONVERSION = YES;
				CLANG_WARN_OBJC_ROOT_CLASS = YES_ERROR;
				CLANG_WARN_SUSPICIOUS_MOVE = YES;
				CLANG_WARN_UNREACHABLE_CODE = YES;
				CLANG_WARN__DUPLICATE_METHOD_MATCH = YES;
				"CODE_SIGN_IDENTITY[sdk=iphoneos*]" = "iPhone Developer";
				COPY_PHASE_STRIP = NO;
				DEBUG_INFORMATION_FORMAT = dwarf;
				ENABLE_STRICT_OBJC_MSGSEND = YES;
				ENABLE_TESTABILITY = YES;
				GCC_C_LANGUAGE_STANDARD = gnu99;
				GCC_DYNAMIC_NO_PIC = NO;
				GCC_NO_COMMON_BLOCKS = YES;
				GCC_OPTIMIZATION_LEVEL = 0;
				GCC_PREPROCESSOR_DEFINITIONS = (
					"DEBUG=1",
					"$(inherited)",
				);
				GCC_WARN_64_TO_32_BIT_CONVERSION = YES;
				GCC_WARN_ABOUT_RETURN_TYPE = YES_ERROR;
				GCC_WARN_UNDECLARED_SELECTOR = YES;
				GCC_WARN_UNINITIALIZED_AUTOS = YES_AGGRESSIVE;
				GCC_WARN_UNUSED_FUNCTION = YES;
				GCC_WARN_UNUSED_VARIABLE = YES;
				IPHONEOS_DEPLOYMENT_TARGET = 10.2;
				MTL_ENABLE_DEBUG_INFO = YES;
				ONLY_ACTIVE_ARCH = YES;
				SDKROOT = iphoneos;
				SWIFT_ACTIVE_COMPILATION_CONDITIONS = DEBUG;
				SWIFT_OPTIMIZATION_LEVEL = "-Onone";
				TARGETED_DEVICE_FAMILY = "1,2";
			};
			name = Debug;
		};
		400B1F4D1E82610E0093675A /* Release */ = {
			isa = XCBuildConfiguration;
			buildSettings = {
				ALWAYS_SEARCH_USER_PATHS = NO;
				CLANG_ANALYZER_NONNULL = YES;
				CLANG_CXX_LANGUAGE_STANDARD = "gnu++0x";
				CLANG_CXX_LIBRARY = "libc++";
				CLANG_ENABLE_MODULES = YES;
				CLANG_ENABLE_OBJC_ARC = YES;
				CLANG_WARN_BOOL_CONVERSION = YES;
				CLANG_WARN_CONSTANT_CONVERSION = YES;
				CLANG_WARN_DIRECT_OBJC_ISA_USAGE = YES_ERROR;
				CLANG_WARN_DOCUMENTATION_COMMENTS = YES;
				CLANG_WARN_EMPTY_BODY = YES;
				CLANG_WARN_ENUM_CONVERSION = YES;
				CLANG_WARN_INFINITE_RECURSION = YES;
				CLANG_WARN_INT_CONVERSION = YES;
				CLANG_WARN_OBJC_ROOT_CLASS = YES_ERROR;
				CLANG_WARN_SUSPICIOUS_MOVE = YES;
				CLANG_WARN_UNREACHABLE_CODE = YES;
				CLANG_WARN__DUPLICATE_METHOD_MATCH = YES;
				"CODE_SIGN_IDENTITY[sdk=iphoneos*]" = "iPhone Developer";
				COPY_PHASE_STRIP = NO;
				DEBUG_INFORMATION_FORMAT = "dwarf-with-dsym";
				ENABLE_NS_ASSERTIONS = NO;
				ENABLE_STRICT_OBJC_MSGSEND = YES;
				GCC_C_LANGUAGE_STANDARD = gnu99;
				GCC_NO_COMMON_BLOCKS = YES;
				GCC_WARN_64_TO_32_BIT_CONVERSION = YES;
				GCC_WARN_ABOUT_RETURN_TYPE = YES_ERROR;
				GCC_WARN_UNDECLARED_SELECTOR = YES;
				GCC_WARN_UNINITIALIZED_AUTOS = YES_AGGRESSIVE;
				GCC_WARN_UNUSED_FUNCTION = YES;
				GCC_WARN_UNUSED_VARIABLE = YES;
				IPHONEOS_DEPLOYMENT_TARGET = 10.2;
				MTL_ENABLE_DEBUG_INFO = NO;
				SDKROOT = iphoneos;
				SWIFT_OPTIMIZATION_LEVEL = "-Owholemodule";
				TARGETED_DEVICE_FAMILY = "1,2";
				VALIDATE_PRODUCT = YES;
			};
			name = Release;
		};
		400B1F4F1E82610E0093675A /* Debug */ = {
			isa = XCBuildConfiguration;
			buildSettings = {
				ASSETCATALOG_COMPILER_APPICON_NAME = AppIcon;
				DEVELOPMENT_TEAM = LNN3K54DN9;
				INFOPLIST_FILE = "Another Music Player App/Info.plist";
				LD_RUNPATH_SEARCH_PATHS = "$(inherited) @executable_path/Frameworks";
				PRODUCT_BUNDLE_IDENTIFIER = "th.co.thitiwat.Another-Music-Player-App";
				PRODUCT_NAME = "$(TARGET_NAME)";
				SWIFT_VERSION = 3.0;
			};
			name = Debug;
		};
		400B1F501E82610E0093675A /* Release */ = {
			isa = XCBuildConfiguration;
			buildSettings = {
				ASSETCATALOG_COMPILER_APPICON_NAME = AppIcon;
				DEVELOPMENT_TEAM = LNN3K54DN9;
				INFOPLIST_FILE = "Another Music Player App/Info.plist";
				LD_RUNPATH_SEARCH_PATHS = "$(inherited) @executable_path/Frameworks";
				PRODUCT_BUNDLE_IDENTIFIER = "th.co.thitiwat.Another-Music-Player-App";
				PRODUCT_NAME = "$(TARGET_NAME)";
				SWIFT_VERSION = 3.0;
			};
			name = Release;
		};
/* End XCBuildConfiguration section */

/* Begin XCConfigurationList section */
		400B1F371E82610D0093675A /* Build configuration list for PBXProject "Another Music Player App" */ = {
			isa = XCConfigurationList;
			buildConfigurations = (
				400B1F4C1E82610E0093675A /* Debug */,
				400B1F4D1E82610E0093675A /* Release */,
			);
			defaultConfigurationIsVisible = 0;
			defaultConfigurationName = Release;
		};
		400B1F4E1E82610E0093675A /* Build configuration list for PBXNativeTarget "Another Music Player App" */ = {
			isa = XCConfigurationList;
			buildConfigurations = (
				400B1F4F1E82610E0093675A /* Debug */,
				400B1F501E82610E0093675A /* Release */,
			);
			defaultConfigurationIsVisible = 0;
			defaultConfigurationName = Release;
		};
/* End XCConfigurationList section */
	};
	rootObject = 400B1F341E82610D0093675A /* Project object */;
}
